// !$*UTF8*$!
{
	archiveVersion = 1;
	classes = {
	};
	objectVersion = 50;
	objects = {

/* Begin PBXBuildFile section */
		61973BB725DDDA4F00C74BE4 /* AppDelegate.swift in Sources */ = {isa = PBXBuildFile; fileRef = 61973BB625DDDA4F00C74BE4 /* AppDelegate.swift */; };
		61973BB925DDDA4F00C74BE4 /* SceneDelegate.swift in Sources */ = {isa = PBXBuildFile; fileRef = 61973BB825DDDA4F00C74BE4 /* SceneDelegate.swift */; };
		61973BBE25DDDA4F00C74BE4 /* Main.storyboard in Resources */ = {isa = PBXBuildFile; fileRef = 61973BBC25DDDA4F00C74BE4 /* Main.storyboard */; };
		61973BC025DDDA5200C74BE4 /* Assets.xcassets in Resources */ = {isa = PBXBuildFile; fileRef = 61973BBF25DDDA5200C74BE4 /* Assets.xcassets */; };
		61973BC325DDDA5200C74BE4 /* LaunchScreen.storyboard in Resources */ = {isa = PBXBuildFile; fileRef = 61973BC125DDDA5200C74BE4 /* LaunchScreen.storyboard */; };
		61973BCC25DDDB6300C74BE4 /* Prefecture.swift in Sources */ = {isa = PBXBuildFile; fileRef = 61973BCB25DDDB6300C74BE4 /* Prefecture.swift */; };
		61973BD425DDE1D100C74BE4 /* TableViewController.swift in Sources */ = {isa = PBXBuildFile; fileRef = 61973BD225DDE1D100C74BE4 /* TableViewController.swift */; };
		61973BD525DDE1D100C74BE4 /* TableViewController.xib in Resources */ = {isa = PBXBuildFile; fileRef = 61973BD325DDE1D100C74BE4 /* TableViewController.xib */; };
		61973BE225DDE8CF00C74BE4 /* DisplayView.xib in Resources */ = {isa = PBXBuildFile; fileRef = 61973BE125DDE8CE00C74BE4 /* DisplayView.xib */; };
		61973BE625DDED2600C74BE4 /* DisplayViewController.swift in Sources */ = {isa = PBXBuildFile; fileRef = 61973BE525DDED2600C74BE4 /* DisplayViewController.swift */; };
/* End PBXBuildFile section */

/* Begin PBXFileReference section */
		61973BB325DDDA4F00C74BE4 /* AkiosTask11-2.app */ = {isa = PBXFileReference; explicitFileType = wrapper.application; includeInIndex = 0; path = "AkiosTask11-2.app"; sourceTree = BUILT_PRODUCTS_DIR; };
		61973BB625DDDA4F00C74BE4 /* AppDelegate.swift */ = {isa = PBXFileReference; lastKnownFileType = sourcecode.swift; path = AppDelegate.swift; sourceTree = "<group>"; };
		61973BB825DDDA4F00C74BE4 /* SceneDelegate.swift */ = {isa = PBXFileReference; lastKnownFileType = sourcecode.swift; path = SceneDelegate.swift; sourceTree = "<group>"; };
		61973BBD25DDDA4F00C74BE4 /* Base */ = {isa = PBXFileReference; lastKnownFileType = file.storyboard; name = Base; path = Base.lproj/Main.storyboard; sourceTree = "<group>"; };
		61973BBF25DDDA5200C74BE4 /* Assets.xcassets */ = {isa = PBXFileReference; lastKnownFileType = folder.assetcatalog; path = Assets.xcassets; sourceTree = "<group>"; };
		61973BC225DDDA5200C74BE4 /* Base */ = {isa = PBXFileReference; lastKnownFileType = file.storyboard; name = Base; path = Base.lproj/LaunchScreen.storyboard; sourceTree = "<group>"; };
		61973BC425DDDA5200C74BE4 /* Info.plist */ = {isa = PBXFileReference; lastKnownFileType = text.plist.xml; path = Info.plist; sourceTree = "<group>"; };
		61973BCB25DDDB6300C74BE4 /* Prefecture.swift */ = {isa = PBXFileReference; lastKnownFileType = sourcecode.swift; path = Prefecture.swift; sourceTree = "<group>"; };
		61973BD225DDE1D100C74BE4 /* TableViewController.swift */ = {isa = PBXFileReference; lastKnownFileType = sourcecode.swift; path = TableViewController.swift; sourceTree = "<group>"; };
		61973BD325DDE1D100C74BE4 /* TableViewController.xib */ = {isa = PBXFileReference; lastKnownFileType = file.xib; path = TableViewController.xib; sourceTree = "<group>"; };
		61973BE125DDE8CE00C74BE4 /* DisplayView.xib */ = {isa = PBXFileReference; lastKnownFileType = file.xib; path = DisplayView.xib; sourceTree = "<group>"; };
		61973BE525DDED2600C74BE4 /* DisplayViewController.swift */ = {isa = PBXFileReference; lastKnownFileType = sourcecode.swift; path = DisplayViewController.swift; sourceTree = "<group>"; };
/* End PBXFileReference section */

/* Begin PBXFrameworksBuildPhase section */
		61973BB025DDDA4F00C74BE4 /* Frameworks */ = {
			isa = PBXFrameworksBuildPhase;
			buildActionMask = 2147483647;
			files = (
			);
			runOnlyForDeploymentPostprocessing = 0;
		};
/* End PBXFrameworksBuildPhase section */

/* Begin PBXGroup section */
		61973BAA25DDDA4F00C74BE4 = {
			isa = PBXGroup;
			children = (
				61973BB525DDDA4F00C74BE4 /* AkiosTask11-2 */,
				61973BB425DDDA4F00C74BE4 /* Products */,
			);
			sourceTree = "<group>";
		};
		61973BB425DDDA4F00C74BE4 /* Products */ = {
			isa = PBXGroup;
			children = (
				61973BB325DDDA4F00C74BE4 /* AkiosTask11-2.app */,
			);
			name = Products;
			sourceTree = "<group>";
		};
		61973BB525DDDA4F00C74BE4 /* AkiosTask11-2 */ = {
			isa = PBXGroup;
			children = (
				61973BDD25DDE89E00C74BE4 /* DisplayViewController */,
				61973BDA25DDE1F300C74BE4 /* TableViewController */,
				61973BB625DDDA4F00C74BE4 /* AppDelegate.swift */,
				61973BB825DDDA4F00C74BE4 /* SceneDelegate.swift */,
				61973BBC25DDDA4F00C74BE4 /* Main.storyboard */,
				61973BBF25DDDA5200C74BE4 /* Assets.xcassets */,
				61973BC125DDDA5200C74BE4 /* LaunchScreen.storyboard */,
				61973BC425DDDA5200C74BE4 /* Info.plist */,
			);
			path = "AkiosTask11-2";
			sourceTree = "<group>";
		};
		61973BDA25DDE1F300C74BE4 /* TableViewController */ = {
			isa = PBXGroup;
			children = (
				61973BCB25DDDB6300C74BE4 /* Prefecture.swift */,
				61973BD225DDE1D100C74BE4 /* TableViewController.swift */,
				61973BD325DDE1D100C74BE4 /* TableViewController.xib */,
			);
			path = TableViewController;
			sourceTree = "<group>";
		};
		61973BDD25DDE89E00C74BE4 /* DisplayViewController */ = {
			isa = PBXGroup;
			children = (
				61973BE525DDED2600C74BE4 /* DisplayViewController.swift */,
				61973BE125DDE8CE00C74BE4 /* DisplayView.xib */,
			);
			path = DisplayViewController;
			sourceTree = "<group>";
		};
/* End PBXGroup section */

/* Begin PBXNativeTarget section */
		61973BB225DDDA4F00C74BE4 /* AkiosTask11-2 */ = {
			isa = PBXNativeTarget;
			buildConfigurationList = 61973BC725DDDA5200C74BE4 /* Build configuration list for PBXNativeTarget "AkiosTask11-2" */;
			buildPhases = (
				61973BAF25DDDA4F00C74BE4 /* Sources */,
				61973BB025DDDA4F00C74BE4 /* Frameworks */,
				61973BB125DDDA4F00C74BE4 /* Resources */,
			);
			buildRules = (
			);
			dependencies = (
			);
			name = "AkiosTask11-2";
			productName = "AkiosTask11-2";
			productReference = 61973BB325DDDA4F00C74BE4 /* AkiosTask11-2.app */;
			productType = "com.apple.product-type.application";
		};
/* End PBXNativeTarget section */

/* Begin PBXProject section */
		61973BAB25DDDA4F00C74BE4 /* Project object */ = {
			isa = PBXProject;
			attributes = {
				LastSwiftUpdateCheck = 1220;
				LastUpgradeCheck = 1220;
				TargetAttributes = {
					61973BB225DDDA4F00C74BE4 = {
						CreatedOnToolsVersion = 12.2;
					};
				};
			};
			buildConfigurationList = 61973BAE25DDDA4F00C74BE4 /* Build configuration list for PBXProject "AkiosTask11-2" */;
			compatibilityVersion = "Xcode 9.3";
			developmentRegion = en;
			hasScannedForEncodings = 0;
			knownRegions = (
				en,
				Base,
			);
			mainGroup = 61973BAA25DDDA4F00C74BE4;
			productRefGroup = 61973BB425DDDA4F00C74BE4 /* Products */;
			projectDirPath = "";
			projectRoot = "";
			targets = (
				61973BB225DDDA4F00C74BE4 /* AkiosTask11-2 */,
			);
		};
/* End PBXProject section */

/* Begin PBXResourcesBuildPhase section */
		61973BB125DDDA4F00C74BE4 /* Resources */ = {
			isa = PBXResourcesBuildPhase;
			buildActionMask = 2147483647;
			files = (
				61973BE225DDE8CF00C74BE4 /* DisplayView.xib in Resources */,
				61973BC325DDDA5200C74BE4 /* LaunchScreen.storyboard in Resources */,
				61973BC025DDDA5200C74BE4 /* Assets.xcassets in Resources */,
				61973BBE25DDDA4F00C74BE4 /* Main.storyboard in Resources */,
				61973BD525DDE1D100C74BE4 /* TableViewController.xib in Resources */,
			);
			runOnlyForDeploymentPostprocessing = 0;
		};
/* End PBXResourcesBuildPhase section */

/* Begin PBXSourcesBuildPhase section */
		61973BAF25DDDA4F00C74BE4 /* Sources */ = {
			isa = PBXSourcesBuildPhase;
			buildActionMask = 2147483647;
			files = (
				61973BCC25DDDB6300C74BE4 /* Prefecture.swift in Sources */,
				61973BE625DDED2600C74BE4 /* DisplayViewController.swift in Sources */,
				61973BB725DDDA4F00C74BE4 /* AppDelegate.swift in Sources */,
				61973BD425DDE1D100C74BE4 /* TableViewController.swift in Sources */,
				61973BB925DDDA4F00C74BE4 /* SceneDelegate.swift in Sources */,
			);
			runOnlyForDeploymentPostprocessing = 0;
		};
/* End PBXSourcesBuildPhase section */

/* Begin PBXVariantGroup section */
		61973BBC25DDDA4F00C74BE4 /* Main.storyboard */ = {
			isa = PBXVariantGroup;
			children = (
				61973BBD25DDDA4F00C74BE4 /* Base */,
			);
			name = Main.storyboard;
			sourceTree = "<group>";
		};
		61973BC125DDDA5200C74BE4 /* LaunchScreen.storyboard */ = {
			isa = PBXVariantGroup;
			children = (
				61973BC225DDDA5200C74BE4 /* Base */,
			);
			name = LaunchScreen.storyboard;
			sourceTree = "<group>";
		};
/* End PBXVariantGroup section */

/* Begin XCBuildConfiguration section */
		61973BC525DDDA5200C74BE4 /* Debug */ = {
			isa = XCBuildConfiguration;
			buildSettings = {
				ALWAYS_SEARCH_USER_PATHS = NO;
				CLANG_ANALYZER_NONNULL = YES;
				CLANG_ANALYZER_NUMBER_OBJECT_CONVERSION = YES_AGGRESSIVE;
				CLANG_CXX_LANGUAGE_STANDARD = "gnu++14";
				CLANG_CXX_LIBRARY = "libc++";
				CLANG_ENABLE_MODULES = YES;
				CLANG_ENABLE_OBJC_ARC = YES;
				CLANG_ENABLE_OBJC_WEAK = YES;
				CLANG_WARN_BLOCK_CAPTURE_AUTORELEASING = YES;
				CLANG_WARN_BOOL_CONVERSION = YES;
				CLANG_WARN_COMMA = YES;
				CLANG_WARN_CONSTANT_CONVERSION = YES;
				CLANG_WARN_DEPRECATED_OBJC_IMPLEMENTATIONS = YES;
				CLANG_WARN_DIRECT_OBJC_ISA_USAGE = YES_ERROR;
				CLANG_WARN_DOCUMENTATION_COMMENTS = YES;
				CLANG_WARN_EMPTY_BODY = YES;
				CLANG_WARN_ENUM_CONVERSION = YES;
				CLANG_WARN_INFINITE_RECURSION = YES;
				CLANG_WARN_INT_CONVERSION = YES;
				CLANG_WARN_NON_LITERAL_NULL_CONVERSION = YES;
				CLANG_WARN_OBJC_IMPLICIT_RETAIN_SELF = YES;
				CLANG_WARN_OBJC_LITERAL_CONVERSION = YES;
				CLANG_WARN_OBJC_ROOT_CLASS = YES_ERROR;
				CLANG_WARN_QUOTED_INCLUDE_IN_FRAMEWORK_HEADER = YES;
				CLANG_WARN_RANGE_LOOP_ANALYSIS = YES;
				CLANG_WARN_STRICT_PROTOTYPES = YES;
				CLANG_WARN_SUSPICIOUS_MOVE = YES;
				CLANG_WARN_UNGUARDED_AVAILABILITY = YES_AGGRESSIVE;
				CLANG_WARN_UNREACHABLE_CODE = YES;
				CLANG_WARN__DUPLICATE_METHOD_MATCH = YES;
				COPY_PHASE_STRIP = NO;
				DEBUG_INFORMATION_FORMAT = dwarf;
				ENABLE_STRICT_OBJC_MSGSEND = YES;
				ENABLE_TESTABILITY = YES;
				GCC_C_LANGUAGE_STANDARD = gnu11;
				GCC_DYNAMIC_NO_PIC = NO;
				GCC_NO_COMMON_BLOCKS = YES;
				GCC_OPTIMIZATION_LEVEL = 0;
				GCC_PREPROCESSOR_DEFINITIONS = (
					"DEBUG=1",
					"$(inherited)",
				);
				GCC_WARN_64_TO_32_BIT_CONVERSION = YES;
				GCC_WARN_ABOUT_RETURN_TYPE = YES_ERROR;
				GCC_WARN_UNDECLARED_SELECTOR = YES;
				GCC_WARN_UNINITIALIZED_AUTOS = YES_AGGRESSIVE;
				GCC_WARN_UNUSED_FUNCTION = YES;
				GCC_WARN_UNUSED_VARIABLE = YES;
				IPHONEOS_DEPLOYMENT_TARGET = 14.2;
				MTL_ENABLE_DEBUG_INFO = INCLUDE_SOURCE;
				MTL_FAST_MATH = YES;
				ONLY_ACTIVE_ARCH = YES;
				SDKROOT = iphoneos;
				SWIFT_ACTIVE_COMPILATION_CONDITIONS = DEBUG;
				SWIFT_OPTIMIZATION_LEVEL = "-Onone";
			};
			name = Debug;
		};
		61973BC625DDDA5200C74BE4 /* Release */ = {
			isa = XCBuildConfiguration;
			buildSettings = {
				ALWAYS_SEARCH_USER_PATHS = NO;
				CLANG_ANALYZER_NONNULL = YES;
				CLANG_ANALYZER_NUMBER_OBJECT_CONVERSION = YES_AGGRESSIVE;
				CLANG_CXX_LANGUAGE_STANDARD = "gnu++14";
				CLANG_CXX_LIBRARY = "libc++";
				CLANG_ENABLE_MODULES = YES;
				CLANG_ENABLE_OBJC_ARC = YES;
				CLANG_ENABLE_OBJC_WEAK = YES;
				CLANG_WARN_BLOCK_CAPTURE_AUTORELEASING = YES;
				CLANG_WARN_BOOL_CONVERSION = YES;
				CLANG_WARN_COMMA = YES;
				CLANG_WARN_CONSTANT_CONVERSION = YES;
				CLANG_WARN_DEPRECATED_OBJC_IMPLEMENTATIONS = YES;
				CLANG_WARN_DIRECT_OBJC_ISA_USAGE = YES_ERROR;
				CLANG_WARN_DOCUMENTATION_COMMENTS = YES;
				CLANG_WARN_EMPTY_BODY = YES;
				CLANG_WARN_ENUM_CONVERSION = YES;
				CLANG_WARN_INFINITE_RECURSION = YES;
				CLANG_WARN_INT_CONVERSION = YES;
				CLANG_WARN_NON_LITERAL_NULL_CONVERSION = YES;
				CLANG_WARN_OBJC_IMPLICIT_RETAIN_SELF = YES;
				CLANG_WARN_OBJC_LITERAL_CONVERSION = YES;
				CLANG_WARN_OBJC_ROOT_CLASS = YES_ERROR;
				CLANG_WARN_QUOTED_INCLUDE_IN_FRAMEWORK_HEADER = YES;
				CLANG_WARN_RANGE_LOOP_ANALYSIS = YES;
				CLANG_WARN_STRICT_PROTOTYPES = YES;
				CLANG_WARN_SUSPICIOUS_MOVE = YES;
				CLANG_WARN_UNGUARDED_AVAILABILITY = YES_AGGRESSIVE;
				CLANG_WARN_UNREACHABLE_CODE = YES;
				CLANG_WARN__DUPLICATE_METHOD_MATCH = YES;
				COPY_PHASE_STRIP = NO;
				DEBUG_INFORMATION_FORMAT = "dwarf-with-dsym";
				ENABLE_NS_ASSERTIONS = NO;
				ENABLE_STRICT_OBJC_MSGSEND = YES;
				GCC_C_LANGUAGE_STANDARD = gnu11;
				GCC_NO_COMMON_BLOCKS = YES;
				GCC_WARN_64_TO_32_BIT_CONVERSION = YES;
				GCC_WARN_ABOUT_RETURN_TYPE = YES_ERROR;
				GCC_WARN_UNDECLARED_SELECTOR = YES;
				GCC_WARN_UNINITIALIZED_AUTOS = YES_AGGRESSIVE;
				GCC_WARN_UNUSED_FUNCTION = YES;
				GCC_WARN_UNUSED_VARIABLE = YES;
				IPHONEOS_DEPLOYMENT_TARGET = 14.2;
				MTL_ENABLE_DEBUG_INFO = NO;
				MTL_FAST_MATH = YES;
				SDKROOT = iphoneos;
				SWIFT_COMPILATION_MODE = wholemodule;
				SWIFT_OPTIMIZATION_LEVEL = "-O";
				VALIDATE_PRODUCT = YES;
			};
			name = Release;
		};
		61973BC825DDDA5200C74BE4 /* Debug */ = {
			isa = XCBuildConfiguration;
			buildSettings = {
				ASSETCATALOG_COMPILER_APPICON_NAME = AppIcon;
				ASSETCATALOG_COMPILER_GLOBAL_ACCENT_COLOR_NAME = AccentColor;
				CODE_SIGN_STYLE = Automatic;
				DEVELOPMENT_TEAM = B7VAC4V7M7;
				INFOPLIST_FILE = "AkiosTask11-2/Info.plist";
				LD_RUNPATH_SEARCH_PATHS = (
					"$(inherited)",
					"@executable_path/Frameworks",
				);
				PRODUCT_BUNDLE_IDENTIFIER = "Nekokichi-Yos.AkiosTask11-2";
				PRODUCT_NAME = "$(TARGET_NAME)";
				SWIFT_VERSION = 5.0;
				TARGETED_DEVICE_FAMILY = "1,2";
			};
			name = Debug;
		};
		61973BC925DDDA5200C74BE4 /* Release */ = {
			isa = XCBuildConfiguration;
			buildSettings = {
				ASSETCATALOG_COMPILER_APPICON_NAME = AppIcon;
				ASSETCATALOG_COMPILER_GLOBAL_ACCENT_COLOR_NAME = AccentColor;
				CODE_SIGN_STYLE = Automatic;
				DEVELOPMENT_TEAM = B7VAC4V7M7;
				INFOPLIST_FILE = "AkiosTask11-2/Info.plist";
				LD_RUNPATH_SEARCH_PATHS = (
					"$(inherited)",
					"@executable_path/Frameworks",
				);
				PRODUCT_BUNDLE_IDENTIFIER = "Nekokichi-Yos.AkiosTask11-2";
				PRODUCT_NAME = "$(TARGET_NAME)";
				SWIFT_VERSION = 5.0;
				TARGETED_DEVICE_FAMILY = "1,2";
			};
			name = Release;
		};
/* End XCBuildConfiguration section */

/* Begin XCConfigurationList section */
		61973BAE25DDDA4F00C74BE4 /* Build configuration list for PBXProject "AkiosTask11-2" */ = {
			isa = XCConfigurationList;
			buildConfigurations = (
				61973BC525DDDA5200C74BE4 /* Debug */,
				61973BC625DDDA5200C74BE4 /* Release */,
			);
			defaultConfigurationIsVisible = 0;
			defaultConfigurationName = Release;
		};
		61973BC725DDDA5200C74BE4 /* Build configuration list for PBXNativeTarget "AkiosTask11-2" */ = {
			isa = XCConfigurationList;
			buildConfigurations = (
				61973BC825DDDA5200C74BE4 /* Debug */,
				61973BC925DDDA5200C74BE4 /* Release */,
			);
			defaultConfigurationIsVisible = 0;
			defaultConfigurationName = Release;
		};
/* End XCConfigurationList section */
	};
	rootObject = 61973BAB25DDDA4F00C74BE4 /* Project object */;
}
